
Microsoft Visual Studio Solution File, Format Version 12.00
# Visual Studio Version 17
VisualStudioVersion = 17.7.34202.233
MinimumVisualStudioVersion = 10.0.40219.1
Project("{8BC9CEB8-8B4A-11D0-8D11-00A0C91BC942}") = "ACM第三十五次集训(2023.10.26)", "ACM第三十五次集训(2023.10.26).vcxproj", "{8117EA41-5C26-4ED9-B94B-22CF42B6BD90}"
EndProject
Global
	GlobalSection(SolutionConfigurationPlatforms) = preSolution
		Debug|x64 = Debug|x64
		Debug|x86 = Debug|x86
		Release|x64 = Release|x64
		Release|x86 = Release|x86
	EndGlobalSection
	GlobalSection(ProjectConfigurationPlatforms) = postSolution
		{8117EA41-5C26-4ED9-B94B-22CF42B6BD90}.Debug|x64.ActiveCfg = Debug|x64
		{8117EA41-5C26-4ED9-B94B-22CF42B6BD90}.Debug|x64.Build.0 = Debug|x64
		{8117EA41-5C26-4ED9-B94B-22CF42B6BD90}.Debug|x86.ActiveCfg = Debug|Win32
		{8117EA41-5C26-4ED9-B94B-22CF42B6BD90}.Debug|x86.Build.0 = Debug|Win32
		{8117EA41-5C26-4ED9-B94B-22CF42B6BD90}.Release|x64.ActiveCfg = Release|x64
		{8117EA41-5C26-4ED9-B94B-22CF42B6BD90}.Release|x64.Build.0 = Release|x64
		{8117EA41-5C26-4ED9-B94B-22CF42B6BD90}.Release|x86.ActiveCfg = Release|Win32
		{8117EA41-5C26-4ED9-B94B-22CF42B6BD90}.Release|x86.Build.0 = Release|Win32
	EndGlobalSection
	GlobalSection(SolutionProperties) = preSolution
		HideSolutionNode = FALSE
	EndGlobalSection
	GlobalSection(ExtensibilityGlobals) = postSolution
		SolutionGuid = {8D5CF8DE-CE7A-470F-ABB4-B219ED92036C}
	EndGlobalSection
EndGlobal
